{
  "name": "homyflix",
  "lockfileVersion": 3,
  "requires": true,
  "packages": {
    "": {
      "dependencies": {
        "@hookform/resolvers": "^5.1.1"
      }
    },
    "node_modules/@hookform/resolvers": {
      "version": "5.1.1",
      "resolved": "https://registry.npmjs.org/@hookform/resolvers/-/resolvers-5.1.1.tgz",
      "integrity": "sha512-J/NVING3LMAEvexJkyTLjruSm7aOFx7QX21pzkiJfMoNG0wl5aFEjLTl7ay7IQb9EWY6AkrBy7tHL2Alijpdcg==",
      "license": "MIT",
      "dependencies": {
        "@standard-schema/utils": "^0.3.0"
      },
      "peerDependencies": {
        "react-hook-form": "^7.55.0"
      }
    },
    "node_modules/@standard-schema/utils": {
      "version": "0.3.0",
      "resolved": "https://registry.npmjs.org/@standard-schema/utils/-/utils-0.3.0.tgz",
      "integrity": "sha512-e7Mew686owMaPJVNNLs55PUvgz371nKgwsc4vxE49zsODpJEnxgxRo2y/OKrqueavXgZNMDVj3DdHFlaSAeU8g==",
      "license": "MIT"
    },
    "node_modules/react": {
      "version": "19.1.0",
      "resolved": "https://registry.npmjs.org/react/-/react-19.1.0.tgz",
      "integrity": "sha512-FS+XFBNvn3GTAWq26joslQgWNoFu08F4kl0J4CgdNKADkdSGXQyTCnKteIAJy96Br6YbpEU1LSzV5dYtjMkMDg==",
      "license": "MIT",
      "peer": true,
      "engines": {
        "node": ">=0.10.0"
      }
    },
    "node_modules/react-hook-form": {
      "version": "7.58.1",
      "resolved": "https://registry.npmjs.org/react-hook-form/-/react-hook-form-7.58.1.tgz",
      "integrity": "sha512-Lml/KZYEEFfPhUVgE0RdCVpnC4yhW+PndRhbiTtdvSlQTL8IfVR+iQkBjLIvmmc6+GGoVeM11z37ktKFPAb0FA==",
      "license": "MIT",
      "peer": true,
      "engines": {
        "node": ">=18.0.0"
      },
      "funding": {
        "type": "opencollective",
        "url": "https://opencollective.com/react-hook-form"
      },
      "peerDependencies": {
        "react": "^16.8.0 || ^17 || ^18 || ^19"
      }
    }
  }
}
